
Microsoft Visual Studio Solution File, Format Version 12.00
# Visual Studio 15
VisualStudioVersion = 15.0.27428.2037
MinimumVisualStudioVersion = 14.0.23107.0
Project("{FAE04EC0-301F-11D3-BF4B-00C04F79EFBC}") = "SpellWork", "SpellWork\SpellWork.csproj", "{49A3559B-529A-4406-824B-F7E2831DE1B2}"
EndProject
Global
	GlobalSection(SolutionConfigurationPlatforms) = preSolution
		Debug|Any CPU = Debug|Any CPU
		DebugAnalysis|Any CPU = DebugAnalysis|Any CPU
		Release|Any CPU = Release|Any CPU
	EndGlobalSection
	GlobalSection(ProjectConfigurationPlatforms) = postSolution
		{49A3559B-529A-4406-824B-F7E2831DE1B2}.Debug|Any CPU.ActiveCfg = Debug|Any CPU
		{49A3559B-529A-4406-824B-F7E2831DE1B2}.Debug|Any CPU.Build.0 = Debug|Any CPU
		{49A3559B-529A-4406-824B-F7E2831DE1B2}.DebugAnalysis|Any CPU.ActiveCfg = Debug|Any CPU
		{49A3559B-529A-4406-824B-F7E2831DE1B2}.DebugAnalysis|Any CPU.Build.0 = Debug|Any CPU
		{49A3559B-529A-4406-824B-F7E2831DE1B2}.Release|Any CPU.ActiveCfg = Release|Any CPU
		{49A3559B-529A-4406-824B-F7E2831DE1B2}.Release|Any CPU.Build.0 = Release|Any CPU
	EndGlobalSection
	GlobalSection(SolutionProperties) = preSolution
		HideSolutionNode = FALSE
	EndGlobalSection
	GlobalSection(ExtensibilityGlobals) = postSolution
		SolutionGuid = {3079B51D-8ECF-4A7A-B924-47394A9CC8A9}
	EndGlobalSection
EndGlobal
